
Microsoft Visual Studio Solution File, Format Version 12.00
# Visual Studio Version 17
VisualStudioVersion = 17.4.33213.308
MinimumVisualStudioVersion = 10.0.40219.1
Project("{FAE04EC0-301F-11D3-BF4B-00C04F79EFBC}") = "UrlShortner", "UrlShortner\UrlShortner.csproj", "{648965C1-63D5-478B-BFC1-1917FDC9A402}"
EndProject
Global
	GlobalSection(SolutionConfigurationPlatforms) = preSolution
		Debug|Any CPU = Debug|Any CPU
		Release|Any CPU = Release|Any CPU
	EndGlobalSection
	GlobalSection(ProjectConfigurationPlatforms) = postSolution
		{648965C1-63D5-478B-BFC1-1917FDC9A402}.Debug|Any CPU.ActiveCfg = Debug|Any CPU
		{648965C1-63D5-478B-BFC1-1917FDC9A402}.Debug|Any CPU.Build.0 = Debug|Any CPU
		{648965C1-63D5-478B-BFC1-1917FDC9A402}.Release|Any CPU.ActiveCfg = Release|Any CPU
		{648965C1-63D5-478B-BFC1-1917FDC9A402}.Release|Any CPU.Build.0 = Release|Any CPU
	EndGlobalSection
	GlobalSection(SolutionProperties) = preSolution
		HideSolutionNode = FALSE
	EndGlobalSection
	GlobalSection(ExtensibilityGlobals) = postSolution
		SolutionGuid = {CDD64698-B987-4CB6-89AE-E515E40CAEB7}
	EndGlobalSection
EndGlobal
